{
  "name": "react-syntax-highlighter",
  "version": "6.1.0",
  "lockfileVersion": 1,
  "requires": true,
  "dependencies": {
    "babel-runtime": {
      "version": "6.26.0",
      "resolved": "https://registry.npmjs.org/babel-runtime/-/babel-runtime-6.26.0.tgz",
      "integrity": "sha1-llxwWGaOgrVde/4E/yM3vItWR/4=",
      "requires": {
        "core-js": "2.5.3",
        "regenerator-runtime": "0.11.1"
      }
    },
    "camelcase": {
      "version": "3.0.0",
      "resolved": "https://registry.npmjs.org/camelcase/-/camelcase-3.0.0.tgz",
      "integrity": "sha1-MvxLn82vhF/N9+c7uXysImHwqwo="
    },
    "clipboard": {
      "version": "1.7.1",
      "resolved": "https://registry.npmjs.org/clipboard/-/clipboard-1.7.1.tgz",
      "integrity": "sha1-Ng1taUbpmnof7zleQrqStem1oWs=",
      "optional": true,
      "requires": {
        "good-listener": "1.2.2",
        "select": "1.1.2",
        "tiny-emitter": "2.0.2"
      }
    },
    "comma-separated-tokens": {
      "version": "1.0.4",
      "resolved": "https://registry.npmjs.org/comma-separated-tokens/-/comma-separated-tokens-1.0.4.tgz",
      "integrity": "sha1-cgg+WNSkYvAYZvZhf02Yo807ikY=",
      "requires": {
        "trim": "0.0.1"
      }
    },
    "core-js": {
      "version": "2.5.3",
      "resolved": "https://registry.npmjs.org/core-js/-/core-js-2.5.3.tgz",
      "integrity": "sha1-isw4NFgk8W2DZbfJtCWRaOjtYD4="
    },
    "delegate": {
      "version": "3.2.0",
      "resolved": "https://registry.npmjs.org/delegate/-/delegate-3.2.0.tgz",
      "integrity": "sha512-IofjkYBZaZivn0V8nnsMJGBr4jVLxHDheKSW88PyxS5QC4Vo9ZbZVvhzlSxY87fVq3STR6r+4cGepyHkcWOQSw==",
      "optional": true
    },
    "good-listener": {
      "version": "1.2.2",
      "resolved": "https://registry.npmjs.org/good-listener/-/good-listener-1.2.2.tgz",
      "integrity": "sha1-1TswzfkxPf+33JoNR3CWqm0UXFA=",
      "optional": true,
      "requires": {
        "delegate": "3.2.0"
      }
    },
    "hast-util-parse-selector": {
      "version": "2.1.0",
      "resolved": "https://registry.npmjs.org/hast-util-parse-selector/-/hast-util-parse-selector-2.1.0.tgz",
      "integrity": "sha1-tVwPS7e7IEDIicMl74erKcOBArQ="
    },
    "hastscript": {
      "version": "3.1.0",
      "resolved": "https://registry.npmjs.org/hastscript/-/hastscript-3.1.0.tgz",
      "integrity": "sha512-8V34dMSDT1Ik+ZSgTzCLdyp89MrWxcxctXPxhmb72GQj1Xkw1aHPM9UaHCWewvH2Q+PVkYUm4ZJVw4T0dgEGNA==",
      "requires": {
        "camelcase": "3.0.0",
        "comma-separated-tokens": "1.0.4",
        "hast-util-parse-selector": "2.1.0",
        "property-information": "3.2.0",
        "space-separated-tokens": "1.1.1"
      }
    },
    "highlight.js": {
      "version": "9.12.0",
      "resolved": "https://registry.npmjs.org/highlight.js/-/highlight.js-9.12.0.tgz",
      "integrity": "sha1-5tnb5Xy+/mB1HwKvM2GVhwyQwB4="
    },
    "lowlight": {
      "version": "1.9.1",
      "resolved": "https://registry.npmjs.org/lowlight/-/lowlight-1.9.1.tgz",
      "integrity": "sha512-CpDhyVhI+xHjruiGvH2F/Fr5q5aTn5A6Oyh7MI+4oI8G0A1E7p9a3Zqv9Hzx9WByK8gAiNifEueAXz+cA2xdEA==",
      "requires": {
        "highlight.js": "9.12.0"
      }
    },
    "prismjs": {
      "version": "1.9.0",
      "resolved": "https://registry.npmjs.org/prismjs/-/prismjs-1.9.0.tgz",
      "integrity": "sha1-+j4tntw8OIfB8fMJXUHx+bQgDw8=",
      "requires": {
        "clipboard": "1.7.1"
      }
    },
    "property-information": {
      "version": "3.2.0",
      "resolved": "https://registry.npmjs.org/property-information/-/property-information-3.2.0.tgz",
      "integrity": "sha1-/RSDyPusYYCPX+NZ52k6H0ilgzE="
    },
    "refractor": {
      "version": "2.2.0",
      "resolved": "https://registry.npmjs.org/refractor/-/refractor-2.2.0.tgz",
      "integrity": "sha512-rMompwrKpF10RkfiZz91AVMRiQJbV5sJ6aYL5GNRfaPJjRStoFjJFitya3j/QZTtO3HygvKyEpdfZkXICiILkA==",
      "requires": {
        "hastscript": "3.1.0",
        "prismjs": "1.9.0"
      }
    },
    "regenerator-runtime": {
      "version": "0.11.1",
      "resolved": "https://registry.npmjs.org/regenerator-runtime/-/regenerator-runtime-0.11.1.tgz",
      "integrity": "sha512-MguG95oij0fC3QV3URf4V2SDYGJhJnJGqvIIgdECeODCT98wSWDAJ94SSuVpYQUoTcGUIL6L4yNB7j1DFFHSBg=="
    },
    "select": {
      "version": "1.1.2",
      "resolved": "https://registry.npmjs.org/select/-/select-1.1.2.tgz",
      "integrity": "sha1-DnNQrN7ICxEIUoeG7B1EGNEbOW0=",
      "optional": true
    },
    "space-separated-tokens": {
      "version": "1.1.1",
      "resolved": "https://registry.npmjs.org/space-separated-tokens/-/space-separated-tokens-1.1.1.tgz",
      "integrity": "sha1-lpW5355lrsGBHUw/nOUlILwvfk0=",
      "requires": {
        "trim": "0.0.1"
      }
    },
    "tiny-emitter": {
      "version": "2.0.2",
      "resolved": "https://registry.npmjs.org/tiny-emitter/-/tiny-emitter-2.0.2.tgz",
      "integrity": "sha512-2NM0auVBGft5tee/OxP4PI3d8WItkDM+fPnaRAVo6xTDI2knbz9eC5ArWGqtGlYqiH3RU5yMpdyTTO7MguC4ow==",
      "optional": true
    },
    "trim": {
      "version": "0.0.1",
      "resolved": "https://registry.npmjs.org/trim/-/trim-0.0.1.tgz",
      "integrity": "sha1-WFhUf2spB1fulczMZm+1AITEYN0="
    }
  }
}
